
Microsoft Visual Studio Solution File, Format Version 12.00
# Visual Studio 15
VisualStudioVersion = 15.0.28307.421
MinimumVisualStudioVersion = 10.0.40219.1
Project("{9A19103F-16F7-4668-BE54-9A1E7A4F7556}") = "SqlChecker", "SqlChecker\SqlChecker.csproj", "{CFEFBE00-DB3A-417A-A2EB-DD52BC613F48}"
EndProject
Project("{FAE04EC0-301F-11D3-BF4B-00C04F79EFBC}") = "CemexDataAccess", "CemexDataAcces\CemexDataAccess.csproj", "{47834C04-928D-4A79-A253-A8FC29705DF5}"
EndProject
Project("{FAE04EC0-301F-11D3-BF4B-00C04F79EFBC}") = "SqlTransactionWatcher", "SqlTransactionWatcher\SqlTransactionWatcher.csproj", "{7B59E841-8379-4384-BAD3-D58364BB4CDF}"
EndProject
Project("{FAE04EC0-301F-11D3-BF4B-00C04F79EFBC}") = "LogAnalyticsHelper", "LogAnalyticsHelper\LogAnalyticsHelper.csproj", "{48FE851D-ED44-4DCB-A866-D05DB2D6D3E5}"
EndProject
Project("{FAE04EC0-301F-11D3-BF4B-00C04F79EFBC}") = "HttpRequestHelper", "HttpRequestHelper\HttpRequestHelper.csproj", "{53C77395-3DDE-4001-B37C-239FBDB67D76}"
EndProject
Project("{FAE04EC0-301F-11D3-BF4B-00C04F79EFBC}") = "WebAppWatcher", "WebAppWatcher\WebAppWatcher.csproj", "{6C058B1C-D0D9-465D-A543-4AC974C07ED7}"
EndProject
Global
	GlobalSection(SolutionConfigurationPlatforms) = preSolution
		Debug|Any CPU = Debug|Any CPU
		Release|Any CPU = Release|Any CPU
	EndGlobalSection
	GlobalSection(ProjectConfigurationPlatforms) = postSolution
		{CFEFBE00-DB3A-417A-A2EB-DD52BC613F48}.Debug|Any CPU.ActiveCfg = Debug|Any CPU
		{CFEFBE00-DB3A-417A-A2EB-DD52BC613F48}.Debug|Any CPU.Build.0 = Debug|Any CPU
		{CFEFBE00-DB3A-417A-A2EB-DD52BC613F48}.Release|Any CPU.ActiveCfg = Release|Any CPU
		{CFEFBE00-DB3A-417A-A2EB-DD52BC613F48}.Release|Any CPU.Build.0 = Release|Any CPU
		{47834C04-928D-4A79-A253-A8FC29705DF5}.Debug|Any CPU.ActiveCfg = Debug|Any CPU
		{47834C04-928D-4A79-A253-A8FC29705DF5}.Debug|Any CPU.Build.0 = Debug|Any CPU
		{47834C04-928D-4A79-A253-A8FC29705DF5}.Release|Any CPU.ActiveCfg = Release|Any CPU
		{47834C04-928D-4A79-A253-A8FC29705DF5}.Release|Any CPU.Build.0 = Release|Any CPU
		{7B59E841-8379-4384-BAD3-D58364BB4CDF}.Debug|Any CPU.ActiveCfg = Debug|Any CPU
		{7B59E841-8379-4384-BAD3-D58364BB4CDF}.Debug|Any CPU.Build.0 = Debug|Any CPU
		{7B59E841-8379-4384-BAD3-D58364BB4CDF}.Release|Any CPU.ActiveCfg = Release|Any CPU
		{7B59E841-8379-4384-BAD3-D58364BB4CDF}.Release|Any CPU.Build.0 = Release|Any CPU
		{48FE851D-ED44-4DCB-A866-D05DB2D6D3E5}.Debug|Any CPU.ActiveCfg = Debug|Any CPU
		{48FE851D-ED44-4DCB-A866-D05DB2D6D3E5}.Debug|Any CPU.Build.0 = Debug|Any CPU
		{48FE851D-ED44-4DCB-A866-D05DB2D6D3E5}.Release|Any CPU.ActiveCfg = Release|Any CPU
		{48FE851D-ED44-4DCB-A866-D05DB2D6D3E5}.Release|Any CPU.Build.0 = Release|Any CPU
		{53C77395-3DDE-4001-B37C-239FBDB67D76}.Debug|Any CPU.ActiveCfg = Debug|Any CPU
		{53C77395-3DDE-4001-B37C-239FBDB67D76}.Debug|Any CPU.Build.0 = Debug|Any CPU
		{53C77395-3DDE-4001-B37C-239FBDB67D76}.Release|Any CPU.ActiveCfg = Release|Any CPU
		{53C77395-3DDE-4001-B37C-239FBDB67D76}.Release|Any CPU.Build.0 = Release|Any CPU
		{6C058B1C-D0D9-465D-A543-4AC974C07ED7}.Debug|Any CPU.ActiveCfg = Debug|Any CPU
		{6C058B1C-D0D9-465D-A543-4AC974C07ED7}.Debug|Any CPU.Build.0 = Debug|Any CPU
		{6C058B1C-D0D9-465D-A543-4AC974C07ED7}.Release|Any CPU.ActiveCfg = Release|Any CPU
		{6C058B1C-D0D9-465D-A543-4AC974C07ED7}.Release|Any CPU.Build.0 = Release|Any CPU
	EndGlobalSection
	GlobalSection(SolutionProperties) = preSolution
		HideSolutionNode = FALSE
	EndGlobalSection
	GlobalSection(ExtensibilityGlobals) = postSolution
		SolutionGuid = {60014B29-2EB2-43B5-8620-6A2563F85A9B}
		EnterpriseLibraryConfigurationToolBinariesPathV6 = packages\EnterpriseLibrary.TransientFaultHandling.6.0.1304.0\lib\portable-net45+win+wp8;packages\EnterpriseLibrary.TransientFaultHandling.Data.6.0.1304.1\lib\NET45
	EndGlobalSection
EndGlobal
