
Microsoft Visual Studio Solution File, Format Version 12.00
# Visual Studio 15
VisualStudioVersion = 15.0.28307.421
MinimumVisualStudioVersion = 10.0.40219.1
Project("{9A19103F-16F7-4668-BE54-9A1E7A4F7556}") = "CemexFailoverTest", "CemexFailoverTest\CemexFailoverTest.csproj", "{1CCD48E6-BA78-4731-A312-1C4FBC93F6DE}"
EndProject
Project("{00D1A9C2-B5F0-4AF3-8072-F6C62B433612}") = "DbTest", "DbTest\DbTest.sqlproj", "{C1B036F2-ED00-41F4-AB0C-0A29FD2F4E63}"
EndProject
Project("{9A19103F-16F7-4668-BE54-9A1E7A4F7556}") = "SQLConnectivity", "SQLConnectivity\SQLConnectivity.csproj", "{CF603EA3-DDF7-4BDA-85FC-AEC760672FA8}"
EndProject
Project("{FAE04EC0-301F-11D3-BF4B-00C04F79EFBC}") = "CemexDataAcces", "CemexDataAcces\CemexDataAcces.csproj", "{47834C04-928D-4A79-A253-A8FC29705DF5}"
EndProject
Project("{FAE04EC0-301F-11D3-BF4B-00C04F79EFBC}") = "ConsoleAppTest", "ConsoleAppTest\ConsoleAppTest.csproj", "{E3C7D140-CA49-4C7A-9F77-A0DD17DB707B}"
EndProject
Global
	GlobalSection(SolutionConfigurationPlatforms) = preSolution
		Debug|Any CPU = Debug|Any CPU
		Release|Any CPU = Release|Any CPU
	EndGlobalSection
	GlobalSection(ProjectConfigurationPlatforms) = postSolution
		{1CCD48E6-BA78-4731-A312-1C4FBC93F6DE}.Debug|Any CPU.ActiveCfg = Debug|Any CPU
		{1CCD48E6-BA78-4731-A312-1C4FBC93F6DE}.Debug|Any CPU.Build.0 = Debug|Any CPU
		{1CCD48E6-BA78-4731-A312-1C4FBC93F6DE}.Release|Any CPU.ActiveCfg = Release|Any CPU
		{1CCD48E6-BA78-4731-A312-1C4FBC93F6DE}.Release|Any CPU.Build.0 = Release|Any CPU
		{C1B036F2-ED00-41F4-AB0C-0A29FD2F4E63}.Debug|Any CPU.ActiveCfg = Debug|Any CPU
		{C1B036F2-ED00-41F4-AB0C-0A29FD2F4E63}.Debug|Any CPU.Build.0 = Debug|Any CPU
		{C1B036F2-ED00-41F4-AB0C-0A29FD2F4E63}.Debug|Any CPU.Deploy.0 = Debug|Any CPU
		{C1B036F2-ED00-41F4-AB0C-0A29FD2F4E63}.Release|Any CPU.ActiveCfg = Release|Any CPU
		{C1B036F2-ED00-41F4-AB0C-0A29FD2F4E63}.Release|Any CPU.Build.0 = Release|Any CPU
		{C1B036F2-ED00-41F4-AB0C-0A29FD2F4E63}.Release|Any CPU.Deploy.0 = Release|Any CPU
		{CF603EA3-DDF7-4BDA-85FC-AEC760672FA8}.Debug|Any CPU.ActiveCfg = Debug|Any CPU
		{CF603EA3-DDF7-4BDA-85FC-AEC760672FA8}.Debug|Any CPU.Build.0 = Debug|Any CPU
		{CF603EA3-DDF7-4BDA-85FC-AEC760672FA8}.Release|Any CPU.ActiveCfg = Release|Any CPU
		{CF603EA3-DDF7-4BDA-85FC-AEC760672FA8}.Release|Any CPU.Build.0 = Release|Any CPU
		{47834C04-928D-4A79-A253-A8FC29705DF5}.Debug|Any CPU.ActiveCfg = Debug|Any CPU
		{47834C04-928D-4A79-A253-A8FC29705DF5}.Debug|Any CPU.Build.0 = Debug|Any CPU
		{47834C04-928D-4A79-A253-A8FC29705DF5}.Release|Any CPU.ActiveCfg = Release|Any CPU
		{47834C04-928D-4A79-A253-A8FC29705DF5}.Release|Any CPU.Build.0 = Release|Any CPU
		{E3C7D140-CA49-4C7A-9F77-A0DD17DB707B}.Debug|Any CPU.ActiveCfg = Debug|Any CPU
		{E3C7D140-CA49-4C7A-9F77-A0DD17DB707B}.Debug|Any CPU.Build.0 = Debug|Any CPU
		{E3C7D140-CA49-4C7A-9F77-A0DD17DB707B}.Release|Any CPU.ActiveCfg = Release|Any CPU
		{E3C7D140-CA49-4C7A-9F77-A0DD17DB707B}.Release|Any CPU.Build.0 = Release|Any CPU
	EndGlobalSection
	GlobalSection(SolutionProperties) = preSolution
		HideSolutionNode = FALSE
	EndGlobalSection
	GlobalSection(ExtensibilityGlobals) = postSolution
		SolutionGuid = {60014B29-2EB2-43B5-8620-6A2563F85A9B}
		EnterpriseLibraryConfigurationToolBinariesPathV6 = packages\EnterpriseLibrary.TransientFaultHandling.6.0.1304.0\lib\portable-net45+win+wp8;packages\EnterpriseLibrary.TransientFaultHandling.Data.6.0.1304.1\lib\NET45
	EndGlobalSection
EndGlobal
